
Microsoft Visual Studio Solution File, Format Version 12.00
# Visual Studio 15
Project("{FAE04EC0-301F-11D3-BF4B-00C04F79EFBC}") = "WebApi", "WebApi.csproj", "{ED50A217-3989-4E72-BCE0-B96E3CC65059}"
EndProject
Global
	GlobalSection(SolutionConfigurationPlatforms) = preSolution
		Debug|Any CPU = Debug|Any CPU
		Release|Any CPU = Release|Any CPU
	EndGlobalSection
	GlobalSection(ProjectConfigurationPlatforms) = postSolution
		{ED50A217-3989-4E72-BCE0-B96E3CC65059}.Debug|Any CPU.ActiveCfg = Debug|Any CPU
		{ED50A217-3989-4E72-BCE0-B96E3CC65059}.Debug|Any CPU.Build.0 = Debug|Any CPU
		{ED50A217-3989-4E72-BCE0-B96E3CC65059}.Release|Any CPU.ActiveCfg = Release|Any CPU
		{ED50A217-3989-4E72-BCE0-B96E3CC65059}.Release|Any CPU.Build.0 = Release|Any CPU
	EndGlobalSection
EndGlobal
